{
  "name": "pw-practice-app",
  "version": "1.0.0",
  "lockfileVersion": 2,
  "requires": true,
  "packages": {
    "": {
      "name": "pw-practice-app",
      "version": "1.0.0",
      "license": "ISC",
      "dependencies": {
        "codegen": "^0.1.0",
        "node-fetch": "^3.3.2"
      },
      "devDependencies": {
        "@playwright/test": "^1.41.2",
        "@types/node": "^20.11.17"
      }
    },
    "node_modules/@playwright/test": {
      "version": "1.41.2",
      "resolved": "https://registry.npmjs.org/@playwright/test/-/test-1.41.2.tgz",
      "integrity": "sha512-qQB9h7KbibJzrDpkXkYvsmiDJK14FULCCZgEcoe2AvFAS64oCirWTwzTlAYEbKaRxWs5TFesE1Na6izMv3HfGg==",
      "dev": true,
      "dependencies": {
        "playwright": "1.41.2"
      },
      "bin": {
        "playwright": "cli.js"
      },
      "engines": {
        "node": ">=16"
      }
    },
    "node_modules/@types/node": {
      "version": "20.11.17",
      "resolved": "https://registry.npmjs.org/@types/node/-/node-20.11.17.tgz",
      "integrity": "sha512-QmgQZGWu1Yw9TDyAP9ZzpFJKynYNeOvwMJmaxABfieQoVoiVOS6MN1WSpqpRcbeA5+RW82kraAVxCCJg+780Qw==",
      "dev": true,
      "dependencies": {
        "undici-types": "~5.26.4"
      }
    },
    "node_modules/argparse": {
      "version": "0.1.16",
      "resolved": "https://registry.npmjs.org/argparse/-/argparse-0.1.16.tgz",
      "integrity": "sha512-LjmC2dNpdn2L4UzyoaIr11ELYoLn37ZFy9zObrQFHsSuOepeUEMKnM8w5KL4Tnrp2gy88rRuQt6Ky8Bjml+Baw==",
      "dependencies": {
        "underscore": "~1.7.0",
        "underscore.string": "~2.4.0"
      }
    },
    "node_modules/argparse/node_modules/underscore": {
      "version": "1.7.0",
      "resolved": "https://registry.npmjs.org/underscore/-/underscore-1.7.0.tgz",
      "integrity": "sha512-cp0oQQyZhUM1kpJDLdGO1jPZHgS/MpzoWYfe9+CM2h/QGDZlqwT2T3YGukuBdaNJ/CAPoeyAZRRHz8JFo176vA=="
    },
    "node_modules/codegen": {
      "version": "0.1.0",
      "resolved": "https://registry.npmjs.org/codegen/-/codegen-0.1.0.tgz",
      "integrity": "sha512-0Ipplq+IaVTA05knsyGIgYNVa+iH2r4WA77jFYGC1geXIFe0y9cLTZBoKTHiix6MBNlTaBbZ0Y7DKH2VR77bEA==",
      "dependencies": {
        "js-yaml": "3.1.0",
        "sugar": "1.4.1",
        "underscore": "1.6.0"
      },
      "bin": {
        "codegen": "lib/codegen-cli.js"
      }
    },
    "node_modules/data-uri-to-buffer": {
      "version": "4.0.1",
      "resolved": "https://registry.npmjs.org/data-uri-to-buffer/-/data-uri-to-buffer-4.0.1.tgz",
      "integrity": "sha512-0R9ikRb668HB7QDxT1vkpuUBtqc53YyAwMwGeUFKRojY/NWKvdZ+9UYtRfGmhqNbRkTSVpMbmyhXipFFv2cb/A==",
      "engines": {
        "node": ">= 12"
      }
    },
    "node_modules/esprima": {
      "version": "1.0.4",
      "resolved": "https://registry.npmjs.org/esprima/-/esprima-1.0.4.tgz",
      "integrity": "sha512-rp5dMKN8zEs9dfi9g0X1ClLmV//WRyk/R15mppFNICIFRG5P92VP7Z04p8pk++gABo9W2tY+kHyu6P1mEHgmTA==",
      "bin": {
        "esparse": "bin/esparse.js",
        "esvalidate": "bin/esvalidate.js"
      },
      "engines": {
        "node": ">=0.4.0"
      }
    },
    "node_modules/fetch-blob": {
      "version": "3.2.0",
      "resolved": "https://registry.npmjs.org/fetch-blob/-/fetch-blob-3.2.0.tgz",
      "integrity": "sha512-7yAQpD2UMJzLi1Dqv7qFYnPbaPx7ZfFK6PiIxQ4PfkGPyNyl2Ugx+a/umUonmKqjhM4DnfbMvdX6otXq83soQQ==",
      "funding": [
        {
          "type": "github",
          "url": "https://github.com/sponsors/jimmywarting"
        },
        {
          "type": "paypal",
          "url": "https://paypal.me/jimmywarting"
        }
      ],
      "dependencies": {
        "node-domexception": "^1.0.0",
        "web-streams-polyfill": "^3.0.3"
      },
      "engines": {
        "node": "^12.20 || >= 14.13"
      }
    },
    "node_modules/formdata-polyfill": {
      "version": "4.0.10",
      "resolved": "https://registry.npmjs.org/formdata-polyfill/-/formdata-polyfill-4.0.10.tgz",
      "integrity": "sha512-buewHzMvYL29jdeQTVILecSaZKnt/RJWjoZCF5OW60Z67/GmSLBkOFM7qh1PI3zFNtJbaZL5eQu1vLfazOwj4g==",
      "dependencies": {
        "fetch-blob": "^3.1.2"
      },
      "engines": {
        "node": ">=12.20.0"
      }
    },
    "node_modules/fsevents": {
      "version": "2.3.2",
      "resolved": "https://registry.npmjs.org/fsevents/-/fsevents-2.3.2.tgz",
      "integrity": "sha512-xiqMQR4xAeHTuB9uWm+fFRcIOgKBMiOBP+eXiyT7jsgVCq1bkVygt00oASowB7EdtpOHaaPgKt812P9ab+DDKA==",
      "dev": true,
      "hasInstallScript": true,
      "optional": true,
      "os": [
        "darwin"
      ],
      "engines": {
        "node": "^8.16.0 || ^10.6.0 || >=11.0.0"
      }
    },
    "node_modules/js-yaml": {
      "version": "3.1.0",
      "resolved": "https://registry.npmjs.org/js-yaml/-/js-yaml-3.1.0.tgz",
      "integrity": "sha512-AgPExLjC+sVh3GLVZdoTprN9oKoF911GFq0CMs8XVXPyfOfelpH9+NKGAn0NKqt9g38/5nPHqBOD8ObqhoSQ6Q==",
      "dependencies": {
        "argparse": "~ 0.1.11",
        "esprima": "~ 1.0.2"
      },
      "bin": {
        "js-yaml": "bin/js-yaml.js"
      }
    },
    "node_modules/node-domexception": {
      "version": "1.0.0",
      "resolved": "https://registry.npmjs.org/node-domexception/-/node-domexception-1.0.0.tgz",
      "integrity": "sha512-/jKZoMpw0F8GRwl4/eLROPA3cfcXtLApP0QzLmUT/HuPCZWyB7IY9ZrMeKw2O/nFIqPQB3PVM9aYm0F312AXDQ==",
      "funding": [
        {
          "type": "github",
          "url": "https://github.com/sponsors/jimmywarting"
        },
        {
          "type": "github",
          "url": "https://paypal.me/jimmywarting"
        }
      ],
      "engines": {
        "node": ">=10.5.0"
      }
    },
    "node_modules/node-fetch": {
      "version": "3.3.2",
      "resolved": "https://registry.npmjs.org/node-fetch/-/node-fetch-3.3.2.tgz",
      "integrity": "sha512-dRB78srN/l6gqWulah9SrxeYnxeddIG30+GOqK/9OlLVyLg3HPnr6SqOWTWOXKRwC2eGYCkZ59NNuSgvSrpgOA==",
      "dependencies": {
        "data-uri-to-buffer": "^4.0.0",
        "fetch-blob": "^3.1.4",
        "formdata-polyfill": "^4.0.10"
      },
      "engines": {
        "node": "^12.20.0 || ^14.13.1 || >=16.0.0"
      },
      "funding": {
        "type": "opencollective",
        "url": "https://opencollective.com/node-fetch"
      }
    },
    "node_modules/playwright": {
      "version": "1.41.2",
      "resolved": "https://registry.npmjs.org/playwright/-/playwright-1.41.2.tgz",
      "integrity": "sha512-v0bOa6H2GJChDL8pAeLa/LZC4feoAMbSQm1/jF/ySsWWoaNItvrMP7GEkvEEFyCTUYKMxjQKaTSg5up7nR6/8A==",
      "dev": true,
      "dependencies": {
        "playwright-core": "1.41.2"
      },
      "bin": {
        "playwright": "cli.js"
      },
      "engines": {
        "node": ">=16"
      },
      "optionalDependencies": {
        "fsevents": "2.3.2"
      }
    },
    "node_modules/playwright-core": {
      "version": "1.41.2",
      "resolved": "https://registry.npmjs.org/playwright-core/-/playwright-core-1.41.2.tgz",
      "integrity": "sha512-VaTvwCA4Y8kxEe+kfm2+uUUw5Lubf38RxF7FpBxLPmGe5sdNkSg5e3ChEigaGrX7qdqT3pt2m/98LiyvU2x6CA==",
      "dev": true,
      "bin": {
        "playwright-core": "cli.js"
      },
      "engines": {
        "node": ">=16"
      }
    },
    "node_modules/sugar": {
      "version": "1.4.1",
      "resolved": "https://registry.npmjs.org/sugar/-/sugar-1.4.1.tgz",
      "integrity": "sha512-L7sMG1FTSoJT/1su2ZhvuUGmSP8hTma95qCx+Y593kEuZWobPlGsEE+H9Qpl/Na46CsFVXPUBUfW7kRfTE0a6Q==",
      "engines": {
        "node": ">= 0.4.0"
      }
    },
    "node_modules/underscore": {
      "version": "1.6.0",
      "resolved": "https://registry.npmjs.org/underscore/-/underscore-1.6.0.tgz",
      "integrity": "sha512-z4o1fvKUojIWh9XuaVLUDdf86RQiq13AC1dmHbTpoyuu+bquHms76v16CjycCbec87J7z0k//SiQVk0sMdFmpQ=="
    },
    "node_modules/underscore.string": {
      "version": "2.4.0",
      "resolved": "https://registry.npmjs.org/underscore.string/-/underscore.string-2.4.0.tgz",
      "integrity": "sha512-yxkabuCaIBnzfIvX3kBxQqCs0ar/bfJwDnFEHJUm/ZrRVhT3IItdRF5cZjARLzEnyQYtIUhsZ2LG2j3HidFOFQ==",
      "engines": {
        "node": "*"
      }
    },
    "node_modules/undici-types": {
      "version": "5.26.5",
      "resolved": "https://registry.npmjs.org/undici-types/-/undici-types-5.26.5.tgz",
      "integrity": "sha512-JlCMO+ehdEIKqlFxk6IfVoAUVmgz7cU7zD/h9XZ0qzeosSHmUJVOzSQvvYSYWXkFXC+IfLKSIffhv0sVZup6pA==",
      "dev": true
    },
    "node_modules/web-streams-polyfill": {
      "version": "3.3.3",
      "resolved": "https://registry.npmjs.org/web-streams-polyfill/-/web-streams-polyfill-3.3.3.tgz",
      "integrity": "sha512-d2JWLCivmZYTSIoge9MsgFCZrt571BikcWGYkjC1khllbTeDlGqZ2D8vD8E/lJa8WGWbb7Plm8/XJYV7IJHZZw==",
      "engines": {
        "node": ">= 8"
      }
    }
  },
  "dependencies": {
    "@playwright/test": {
      "version": "1.41.2",
      "resolved": "https://registry.npmjs.org/@playwright/test/-/test-1.41.2.tgz",
      "integrity": "sha512-qQB9h7KbibJzrDpkXkYvsmiDJK14FULCCZgEcoe2AvFAS64oCirWTwzTlAYEbKaRxWs5TFesE1Na6izMv3HfGg==",
      "dev": true,
      "requires": {
        "playwright": "1.41.2"
      }
    },
    "@types/node": {
      "version": "20.11.17",
      "resolved": "https://registry.npmjs.org/@types/node/-/node-20.11.17.tgz",
      "integrity": "sha512-QmgQZGWu1Yw9TDyAP9ZzpFJKynYNeOvwMJmaxABfieQoVoiVOS6MN1WSpqpRcbeA5+RW82kraAVxCCJg+780Qw==",
      "dev": true,
      "requires": {
        "undici-types": "~5.26.4"
      }
    },
    "argparse": {
      "version": "0.1.16",
      "resolved": "https://registry.npmjs.org/argparse/-/argparse-0.1.16.tgz",
      "integrity": "sha512-LjmC2dNpdn2L4UzyoaIr11ELYoLn37ZFy9zObrQFHsSuOepeUEMKnM8w5KL4Tnrp2gy88rRuQt6Ky8Bjml+Baw==",
      "requires": {
        "underscore": "~1.7.0",
        "underscore.string": "~2.4.0"
      },
      "dependencies": {
        "underscore": {
          "version": "1.7.0",
          "resolved": "https://registry.npmjs.org/underscore/-/underscore-1.7.0.tgz",
          "integrity": "sha512-cp0oQQyZhUM1kpJDLdGO1jPZHgS/MpzoWYfe9+CM2h/QGDZlqwT2T3YGukuBdaNJ/CAPoeyAZRRHz8JFo176vA=="
        }
      }
    },
    "codegen": {
      "version": "0.1.0",
      "resolved": "https://registry.npmjs.org/codegen/-/codegen-0.1.0.tgz",
      "integrity": "sha512-0Ipplq+IaVTA05knsyGIgYNVa+iH2r4WA77jFYGC1geXIFe0y9cLTZBoKTHiix6MBNlTaBbZ0Y7DKH2VR77bEA==",
      "requires": {
        "js-yaml": "3.1.0",
        "sugar": "1.4.1",
        "underscore": "1.6.0"
      }
    },
    "data-uri-to-buffer": {
      "version": "4.0.1",
      "resolved": "https://registry.npmjs.org/data-uri-to-buffer/-/data-uri-to-buffer-4.0.1.tgz",
      "integrity": "sha512-0R9ikRb668HB7QDxT1vkpuUBtqc53YyAwMwGeUFKRojY/NWKvdZ+9UYtRfGmhqNbRkTSVpMbmyhXipFFv2cb/A=="
    },
    "esprima": {
      "version": "1.0.4",
      "resolved": "https://registry.npmjs.org/esprima/-/esprima-1.0.4.tgz",
      "integrity": "sha512-rp5dMKN8zEs9dfi9g0X1ClLmV//WRyk/R15mppFNICIFRG5P92VP7Z04p8pk++gABo9W2tY+kHyu6P1mEHgmTA=="
    },
    "fetch-blob": {
      "version": "3.2.0",
      "resolved": "https://registry.npmjs.org/fetch-blob/-/fetch-blob-3.2.0.tgz",
      "integrity": "sha512-7yAQpD2UMJzLi1Dqv7qFYnPbaPx7ZfFK6PiIxQ4PfkGPyNyl2Ugx+a/umUonmKqjhM4DnfbMvdX6otXq83soQQ==",
      "requires": {
        "node-domexception": "^1.0.0",
        "web-streams-polyfill": "^3.0.3"
      }
    },
    "formdata-polyfill": {
      "version": "4.0.10",
      "resolved": "https://registry.npmjs.org/formdata-polyfill/-/formdata-polyfill-4.0.10.tgz",
      "integrity": "sha512-buewHzMvYL29jdeQTVILecSaZKnt/RJWjoZCF5OW60Z67/GmSLBkOFM7qh1PI3zFNtJbaZL5eQu1vLfazOwj4g==",
      "requires": {
        "fetch-blob": "^3.1.2"
      }
    },
    "fsevents": {
      "version": "2.3.2",
      "resolved": "https://registry.npmjs.org/fsevents/-/fsevents-2.3.2.tgz",
      "integrity": "sha512-xiqMQR4xAeHTuB9uWm+fFRcIOgKBMiOBP+eXiyT7jsgVCq1bkVygt00oASowB7EdtpOHaaPgKt812P9ab+DDKA==",
      "dev": true,
      "optional": true
    },
    "js-yaml": {
      "version": "3.1.0",
      "resolved": "https://registry.npmjs.org/js-yaml/-/js-yaml-3.1.0.tgz",
      "integrity": "sha512-AgPExLjC+sVh3GLVZdoTprN9oKoF911GFq0CMs8XVXPyfOfelpH9+NKGAn0NKqt9g38/5nPHqBOD8ObqhoSQ6Q==",
      "requires": {
        "argparse": "~ 0.1.11",
        "esprima": "~ 1.0.2"
      }
    },
    "node-domexception": {
      "version": "1.0.0",
      "resolved": "https://registry.npmjs.org/node-domexception/-/node-domexception-1.0.0.tgz",
      "integrity": "sha512-/jKZoMpw0F8GRwl4/eLROPA3cfcXtLApP0QzLmUT/HuPCZWyB7IY9ZrMeKw2O/nFIqPQB3PVM9aYm0F312AXDQ=="
    },
    "node-fetch": {
      "version": "3.3.2",
      "resolved": "https://registry.npmjs.org/node-fetch/-/node-fetch-3.3.2.tgz",
      "integrity": "sha512-dRB78srN/l6gqWulah9SrxeYnxeddIG30+GOqK/9OlLVyLg3HPnr6SqOWTWOXKRwC2eGYCkZ59NNuSgvSrpgOA==",
      "requires": {
        "data-uri-to-buffer": "^4.0.0",
        "fetch-blob": "^3.1.4",
        "formdata-polyfill": "^4.0.10"
      }
    },
    "playwright": {
      "version": "1.41.2",
      "resolved": "https://registry.npmjs.org/playwright/-/playwright-1.41.2.tgz",
      "integrity": "sha512-v0bOa6H2GJChDL8pAeLa/LZC4feoAMbSQm1/jF/ySsWWoaNItvrMP7GEkvEEFyCTUYKMxjQKaTSg5up7nR6/8A==",
      "dev": true,
      "requires": {
        "fsevents": "2.3.2",
        "playwright-core": "1.41.2"
      }
    },
    "playwright-core": {
      "version": "1.41.2",
      "resolved": "https://registry.npmjs.org/playwright-core/-/playwright-core-1.41.2.tgz",
      "integrity": "sha512-VaTvwCA4Y8kxEe+kfm2+uUUw5Lubf38RxF7FpBxLPmGe5sdNkSg5e3ChEigaGrX7qdqT3pt2m/98LiyvU2x6CA==",
      "dev": true
    },
    "sugar": {
      "version": "1.4.1",
      "resolved": "https://registry.npmjs.org/sugar/-/sugar-1.4.1.tgz",
      "integrity": "sha512-L7sMG1FTSoJT/1su2ZhvuUGmSP8hTma95qCx+Y593kEuZWobPlGsEE+H9Qpl/Na46CsFVXPUBUfW7kRfTE0a6Q=="
    },
    "underscore": {
      "version": "1.6.0",
      "resolved": "https://registry.npmjs.org/underscore/-/underscore-1.6.0.tgz",
      "integrity": "sha512-z4o1fvKUojIWh9XuaVLUDdf86RQiq13AC1dmHbTpoyuu+bquHms76v16CjycCbec87J7z0k//SiQVk0sMdFmpQ=="
    },
    "underscore.string": {
      "version": "2.4.0",
      "resolved": "https://registry.npmjs.org/underscore.string/-/underscore.string-2.4.0.tgz",
      "integrity": "sha512-yxkabuCaIBnzfIvX3kBxQqCs0ar/bfJwDnFEHJUm/ZrRVhT3IItdRF5cZjARLzEnyQYtIUhsZ2LG2j3HidFOFQ=="
    },
    "undici-types": {
      "version": "5.26.5",
      "resolved": "https://registry.npmjs.org/undici-types/-/undici-types-5.26.5.tgz",
      "integrity": "sha512-JlCMO+ehdEIKqlFxk6IfVoAUVmgz7cU7zD/h9XZ0qzeosSHmUJVOzSQvvYSYWXkFXC+IfLKSIffhv0sVZup6pA==",
      "dev": true
    },
    "web-streams-polyfill": {
      "version": "3.3.3",
      "resolved": "https://registry.npmjs.org/web-streams-polyfill/-/web-streams-polyfill-3.3.3.tgz",
      "integrity": "sha512-d2JWLCivmZYTSIoge9MsgFCZrt571BikcWGYkjC1khllbTeDlGqZ2D8vD8E/lJa8WGWbb7Plm8/XJYV7IJHZZw=="
    }
  }
}
